
Microsoft Visual Studio Solution File, Format Version 12.00
# Visual Studio Version 16
VisualStudioVersion = 16.0.31321.278
MinimumVisualStudioVersion = 10.0.40219.1
Project("{FAE04EC0-301F-11D3-BF4B-00C04F79EFBC}") = "School-CalculatorHomework", "School-CalculatorHomework\School-CalculatorHomework.csproj", "{EF344346-75C9-43FA-A61F-8C7A9F68BC4F}"
EndProject
Global
	GlobalSection(SolutionConfigurationPlatforms) = preSolution
		Debug|Any CPU = Debug|Any CPU
		Release|Any CPU = Release|Any CPU
	EndGlobalSection
	GlobalSection(ProjectConfigurationPlatforms) = postSolution
		{EF344346-75C9-43FA-A61F-8C7A9F68BC4F}.Debug|Any CPU.ActiveCfg = Debug|Any CPU
		{EF344346-75C9-43FA-A61F-8C7A9F68BC4F}.Debug|Any CPU.Build.0 = Debug|Any CPU
		{EF344346-75C9-43FA-A61F-8C7A9F68BC4F}.Release|Any CPU.ActiveCfg = Release|Any CPU
		{EF344346-75C9-43FA-A61F-8C7A9F68BC4F}.Release|Any CPU.Build.0 = Release|Any CPU
	EndGlobalSection
	GlobalSection(SolutionProperties) = preSolution
		HideSolutionNode = FALSE
	EndGlobalSection
	GlobalSection(ExtensibilityGlobals) = postSolution
		SolutionGuid = {F3A0162C-3B8F-4EE9-9ABF-305329A8BDC5}
	EndGlobalSection
EndGlobal
